
Microsoft Visual Studio Solution File, Format Version 12.00
# Visual Studio Version 17
VisualStudioVersion = 17.11.35303.130
MinimumVisualStudioVersion = 10.0.40219.1
Project("{FAE04EC0-301F-11D3-BF4B-00C04F79EFBC}") = "learning", "learning\learning.csproj", "{A3257696-E2EB-40AB-ADCB-01190D543E36}"
EndProject
Global
	GlobalSection(SolutionConfigurationPlatforms) = preSolution
		Debug|Any CPU = Debug|Any CPU
		Release|Any CPU = Release|Any CPU
	EndGlobalSection
	GlobalSection(ProjectConfigurationPlatforms) = postSolution
		{A3257696-E2EB-40AB-ADCB-01190D543E36}.Debug|Any CPU.ActiveCfg = Debug|Any CPU
		{A3257696-E2EB-40AB-ADCB-01190D543E36}.Debug|Any CPU.Build.0 = Debug|Any CPU
		{A3257696-E2EB-40AB-ADCB-01190D543E36}.Release|Any CPU.ActiveCfg = Release|Any CPU
		{A3257696-E2EB-40AB-ADCB-01190D543E36}.Release|Any CPU.Build.0 = Release|Any CPU
	EndGlobalSection
	GlobalSection(SolutionProperties) = preSolution
		HideSolutionNode = FALSE
	EndGlobalSection
	GlobalSection(ExtensibilityGlobals) = postSolution
		SolutionGuid = {6109A5B3-458D-42D2-AA7D-7210729B957D}
	EndGlobalSection
EndGlobal
